
Microsoft Visual Studio Solution File, Format Version 12.00
# Visual Studio Version 16
VisualStudioVersion = 16.0.30114.105
MinimumVisualStudioVersion = 10.0.40219.1
Project("{FAE04EC0-301F-11D3-BF4B-00C04F79EFBC}") = "R5T.Veria.Base", "R5T.Veria.Base\R5T.Veria.Base.csproj", "{2049AB6E-38EB-452E-AC99-1F721EBEB300}"
EndProject
Project("{FAE04EC0-301F-11D3-BF4B-00C04F79EFBC}") = "R5T.Veria.Base.Construction", "R5T.Veria.Base.Construction\R5T.Veria.Base.Construction.csproj", "{836A7D88-FA7A-48CC-90EF-78581E4886D1}"
EndProject
Project("{2150E333-8FDC-42A3-9474-1A3956D46DE8}") = "_Dependencies", "_Dependencies", "{4785CD47-126B-48FC-AE35-943B2AE997DC}"
EndProject
Project("{FAE04EC0-301F-11D3-BF4B-00C04F79EFBC}") = "R5T.T0064", "..\..\R5T.T0064\source\R5T.T0064\R5T.T0064.csproj", "{11A9D790-34B0-4114-B00B-06A009AC361A}"
EndProject
Global
	GlobalSection(SolutionConfigurationPlatforms) = preSolution
		Debug|Any CPU = Debug|Any CPU
		Debug|x64 = Debug|x64
		Debug|x86 = Debug|x86
		Release|Any CPU = Release|Any CPU
		Release|x64 = Release|x64
		Release|x86 = Release|x86
	EndGlobalSection
	GlobalSection(SolutionProperties) = preSolution
		HideSolutionNode = FALSE
	EndGlobalSection
	GlobalSection(ProjectConfigurationPlatforms) = postSolution
		{2049AB6E-38EB-452E-AC99-1F721EBEB300}.Debug|Any CPU.ActiveCfg = Debug|Any CPU
		{2049AB6E-38EB-452E-AC99-1F721EBEB300}.Debug|Any CPU.Build.0 = Debug|Any CPU
		{2049AB6E-38EB-452E-AC99-1F721EBEB300}.Debug|x64.ActiveCfg = Debug|Any CPU
		{2049AB6E-38EB-452E-AC99-1F721EBEB300}.Debug|x64.Build.0 = Debug|Any CPU
		{2049AB6E-38EB-452E-AC99-1F721EBEB300}.Debug|x86.ActiveCfg = Debug|Any CPU
		{2049AB6E-38EB-452E-AC99-1F721EBEB300}.Debug|x86.Build.0 = Debug|Any CPU
		{2049AB6E-38EB-452E-AC99-1F721EBEB300}.Release|Any CPU.ActiveCfg = Release|Any CPU
		{2049AB6E-38EB-452E-AC99-1F721EBEB300}.Release|Any CPU.Build.0 = Release|Any CPU
		{2049AB6E-38EB-452E-AC99-1F721EBEB300}.Release|x64.ActiveCfg = Release|Any CPU
		{2049AB6E-38EB-452E-AC99-1F721EBEB300}.Release|x64.Build.0 = Release|Any CPU
		{2049AB6E-38EB-452E-AC99-1F721EBEB300}.Release|x86.ActiveCfg = Release|Any CPU
		{2049AB6E-38EB-452E-AC99-1F721EBEB300}.Release|x86.Build.0 = Release|Any CPU
		{836A7D88-FA7A-48CC-90EF-78581E4886D1}.Debug|Any CPU.ActiveCfg = Debug|Any CPU
		{836A7D88-FA7A-48CC-90EF-78581E4886D1}.Debug|Any CPU.Build.0 = Debug|Any CPU
		{836A7D88-FA7A-48CC-90EF-78581E4886D1}.Debug|x64.ActiveCfg = Debug|Any CPU
		{836A7D88-FA7A-48CC-90EF-78581E4886D1}.Debug|x64.Build.0 = Debug|Any CPU
		{836A7D88-FA7A-48CC-90EF-78581E4886D1}.Debug|x86.ActiveCfg = Debug|Any CPU
		{836A7D88-FA7A-48CC-90EF-78581E4886D1}.Debug|x86.Build.0 = Debug|Any CPU
		{836A7D88-FA7A-48CC-90EF-78581E4886D1}.Release|Any CPU.ActiveCfg = Release|Any CPU
		{836A7D88-FA7A-48CC-90EF-78581E4886D1}.Release|Any CPU.Build.0 = Release|Any CPU
		{836A7D88-FA7A-48CC-90EF-78581E4886D1}.Release|x64.ActiveCfg = Release|Any CPU
		{836A7D88-FA7A-48CC-90EF-78581E4886D1}.Release|x64.Build.0 = Release|Any CPU
		{836A7D88-FA7A-48CC-90EF-78581E4886D1}.Release|x86.ActiveCfg = Release|Any CPU
		{836A7D88-FA7A-48CC-90EF-78581E4886D1}.Release|x86.Build.0 = Release|Any CPU
		{11A9D790-34B0-4114-B00B-06A009AC361A}.Debug|Any CPU.ActiveCfg = Debug|Any CPU
		{11A9D790-34B0-4114-B00B-06A009AC361A}.Debug|Any CPU.Build.0 = Debug|Any CPU
		{11A9D790-34B0-4114-B00B-06A009AC361A}.Debug|x64.ActiveCfg = Debug|Any CPU
		{11A9D790-34B0-4114-B00B-06A009AC361A}.Debug|x64.Build.0 = Debug|Any CPU
		{11A9D790-34B0-4114-B00B-06A009AC361A}.Debug|x86.ActiveCfg = Debug|Any CPU
		{11A9D790-34B0-4114-B00B-06A009AC361A}.Debug|x86.Build.0 = Debug|Any CPU
		{11A9D790-34B0-4114-B00B-06A009AC361A}.Release|Any CPU.ActiveCfg = Release|Any CPU
		{11A9D790-34B0-4114-B00B-06A009AC361A}.Release|Any CPU.Build.0 = Release|Any CPU
		{11A9D790-34B0-4114-B00B-06A009AC361A}.Release|x64.ActiveCfg = Release|Any CPU
		{11A9D790-34B0-4114-B00B-06A009AC361A}.Release|x64.Build.0 = Release|Any CPU
		{11A9D790-34B0-4114-B00B-06A009AC361A}.Release|x86.ActiveCfg = Release|Any CPU
		{11A9D790-34B0-4114-B00B-06A009AC361A}.Release|x86.Build.0 = Release|Any CPU
	EndGlobalSection
	GlobalSection(NestedProjects) = preSolution
		{11A9D790-34B0-4114-B00B-06A009AC361A} = {4785CD47-126B-48FC-AE35-943B2AE997DC}
	EndGlobalSection
EndGlobal
